
Microsoft Visual Studio Solution File, Format Version 12.00
# Visual Studio Version 17
VisualStudioVersion = 17.3.32929.385
MinimumVisualStudioVersion = 10.0.40219.1
Project("{FAE04EC0-301F-11D3-BF4B-00C04F79EFBC}") = "object_oriented_programming_w67262-gl06", "object_oriented_programming_w67262-gl06\object_oriented_programming_w67262-gl06.csproj", "{532CF5F8-E6FE-48EA-81F6-BE7E4ED65E15}"
EndProject
Global
	GlobalSection(SolutionConfigurationPlatforms) = preSolution
		Debug|Any CPU = Debug|Any CPU
		Release|Any CPU = Release|Any CPU
	EndGlobalSection
	GlobalSection(ProjectConfigurationPlatforms) = postSolution
		{532CF5F8-E6FE-48EA-81F6-BE7E4ED65E15}.Debug|Any CPU.ActiveCfg = Debug|Any CPU
		{532CF5F8-E6FE-48EA-81F6-BE7E4ED65E15}.Debug|Any CPU.Build.0 = Debug|Any CPU
		{532CF5F8-E6FE-48EA-81F6-BE7E4ED65E15}.Release|Any CPU.ActiveCfg = Release|Any CPU
		{532CF5F8-E6FE-48EA-81F6-BE7E4ED65E15}.Release|Any CPU.Build.0 = Release|Any CPU
	EndGlobalSection
	GlobalSection(SolutionProperties) = preSolution
		HideSolutionNode = FALSE
	EndGlobalSection
	GlobalSection(ExtensibilityGlobals) = postSolution
		SolutionGuid = {2DFD7F29-D333-4930-85A8-A8CE65CF3FAE}
	EndGlobalSection
EndGlobal
